{
  "name": "npx-kushhh",
  "version": "1.1.0",
  "lockfileVersion": 3,
  "requires": true,
  "packages": {
    "": {
      "name": "npx-kushhh",
      "version": "1.1.0",
      "license": "ISC",
      "dependencies": {
        "dotenv": "^16.4.5",
        "nodemailer": "^6.9.14",
        "npx-kushhh": "^1.0.0"
      },
      "bin": {
        "kushhh": "bin/index.js"
      }
    },
    "node_modules/dotenv": {
      "version": "16.4.5",
      "resolved": "https://registry.npmjs.org/dotenv/-/dotenv-16.4.5.tgz",
      "integrity": "sha512-ZmdL2rui+eB2YwhsWzjInR8LldtZHGDoQ1ugH85ppHKwpUHL7j7rN0Ti9NCnGiQbhaZ11FpR+7ao1dNsmduNUg==",
      "engines": {
        "node": ">=12"
      },
      "funding": {
        "url": "https://dotenvx.com"
      }
    },
    "node_modules/nodemailer": {
      "version": "6.9.14",
      "resolved": "https://registry.npmjs.org/nodemailer/-/nodemailer-6.9.14.tgz",
      "integrity": "sha512-Dobp/ebDKBvz91sbtRKhcznLThrKxKt97GI2FAlAyy+fk19j73Uz3sBXolVtmcXjaorivqsbbbjDY+Jkt4/bQA==",
      "engines": {
        "node": ">=6.0.0"
      }
    },
    "node_modules/npx-kushhh": {
      "version": "1.0.0",
      "resolved": "https://registry.npmjs.org/npx-kushhh/-/npx-kushhh-1.0.0.tgz",
      "integrity": "sha512-OKygGLJDfqxXn2hRVvWzYj5t62D2ZkYfFKDhMiW5UO+6QMlAAkNpge4MWiM27C5ju/Y0xemAdFGwUWjPDUzSXg==",
      "dependencies": {
        "dotenv": "^16.4.5",
        "nodemailer": "^6.9.14"
      },
      "bin": {
        "kushhh": "bin/index.js"
      }
    }
  }
}
